// !$*UTF8*$!
{
	archiveVersion = 1;
	classes = {
	};
	objectVersion = 46;
	objects = {

/* Begin PBXBuildFile section */
		1854EC7E1E2118A300AE4E91 /* AppDelegate.m in Sources */ = {isa = PBXBuildFile; fileRef = 1854EC611E2118A300AE4E91 /* AppDelegate.m */; };
		1854EC7F1E2118A300AE4E91 /* Assets.xcassets in Resources */ = {isa = PBXBuildFile; fileRef = 1854EC621E2118A300AE4E91 /* Assets.xcassets */; };
		1854EC801E2118A300AE4E91 /* LaunchScreen.storyboard in Resources */ = {isa = PBXBuildFile; fileRef = 1854EC631E2118A300AE4E91 /* LaunchScreen.storyboard */; };
		1854EC811E2118A300AE4E91 /* Main.storyboard in Resources */ = {isa = PBXBuildFile; fileRef = 1854EC651E2118A300AE4E91 /* Main.storyboard */; };
		1854EC821E2118A300AE4E91 /* Info.plist in Resources */ = {isa = PBXBuildFile; fileRef = 1854EC671E2118A300AE4E91 /* Info.plist */; };
		1854EC831E2118A300AE4E91 /* main.m in Sources */ = {isa = PBXBuildFile; fileRef = 1854EC681E2118A300AE4E91 /* main.m */; };
		1854EC861E2118A300AE4E91 /* urlMap.plist in Resources */ = {isa = PBXBuildFile; fileRef = 1854EC6D1E2118A300AE4E91 /* urlMap.plist */; };
		1854EC8C1E2118A300AE4E91 /* Info.plist in Resources */ = {isa = PBXBuildFile; fileRef = 1854EC791E2118A300AE4E91 /* Info.plist */; };
		1854EC8E1E2118A300AE4E91 /* Info.plist in Resources */ = {isa = PBXBuildFile; fileRef = 1854EC7C1E2118A300AE4E91 /* Info.plist */; };
		BAD009492053883C00071C0C /* WXRouter.m in Sources */ = {isa = PBXBuildFile; fileRef = BAD009432053883C00071C0C /* WXRouter.m */; };
		BAD0094A2053883C00071C0C /* RouterError.m in Sources */ = {isa = PBXBuildFile; fileRef = BAD009442053883C00071C0C /* RouterError.m */; };
		BAD0094B2053883C00071C0C /* PlistReadUtil.m in Sources */ = {isa = PBXBuildFile; fileRef = BAD009482053883C00071C0C /* PlistReadUtil.m */; };
		BAD009542053884A00071C0C /* ViewController.m in Sources */ = {isa = PBXBuildFile; fileRef = BAD0094C2053884900071C0C /* ViewController.m */; };
		BAD009552053884A00071C0C /* webView.m in Sources */ = {isa = PBXBuildFile; fileRef = BAD0094F2053884A00071C0C /* webView.m */; };
		BAD009562053884A00071C0C /* view3.m in Sources */ = {isa = PBXBuildFile; fileRef = BAD009502053884A00071C0C /* view3.m */; };
		BAD009572053884A00071C0C /* view2.m in Sources */ = {isa = PBXBuildFile; fileRef = BAD009512053884A00071C0C /* view2.m */; };
/* End PBXBuildFile section */

/* Begin PBXContainerItemProxy section */
		18A2DD1D1D9FC5C600814EDE /* PBXContainerItemProxy */ = {
			isa = PBXContainerItemProxy;
			containerPortal = 18A2DCFB1D9FC5C600814EDE /* Project object */;
			proxyType = 1;
			remoteGlobalIDString = 18A2DD021D9FC5C600814EDE;
			remoteInfo = test;
		};
		18A2DD281D9FC5C600814EDE /* PBXContainerItemProxy */ = {
			isa = PBXContainerItemProxy;
			containerPortal = 18A2DCFB1D9FC5C600814EDE /* Project object */;
			proxyType = 1;
			remoteGlobalIDString = 18A2DD021D9FC5C600814EDE;
			remoteInfo = test;
		};
/* End PBXContainerItemProxy section */

/* Begin PBXFileReference section */
		1854EC601E2118A300AE4E91 /* AppDelegate.h */ = {isa = PBXFileReference; fileEncoding = 4; lastKnownFileType = sourcecode.c.h; path = AppDelegate.h; sourceTree = "<group>"; };
		1854EC611E2118A300AE4E91 /* AppDelegate.m */ = {isa = PBXFileReference; fileEncoding = 4; lastKnownFileType = sourcecode.c.objc; path = AppDelegate.m; sourceTree = "<group>"; };
		1854EC621E2118A300AE4E91 /* Assets.xcassets */ = {isa = PBXFileReference; lastKnownFileType = folder.assetcatalog; path = Assets.xcassets; sourceTree = "<group>"; };
		1854EC641E2118A300AE4E91 /* Base */ = {isa = PBXFileReference; lastKnownFileType = file.storyboard; name = Base; path = Base.lproj/LaunchScreen.storyboard; sourceTree = "<group>"; };
		1854EC661E2118A300AE4E91 /* Base */ = {isa = PBXFileReference; lastKnownFileType = file.storyboard; name = Base; path = Base.lproj/Main.storyboard; sourceTree = "<group>"; };
		1854EC671E2118A300AE4E91 /* Info.plist */ = {isa = PBXFileReference; fileEncoding = 4; lastKnownFileType = text.plist.xml; path = Info.plist; sourceTree = "<group>"; };
		1854EC681E2118A300AE4E91 /* main.m */ = {isa = PBXFileReference; fileEncoding = 4; lastKnownFileType = sourcecode.c.objc; path = main.m; sourceTree = "<group>"; };
		1854EC6D1E2118A300AE4E91 /* urlMap.plist */ = {isa = PBXFileReference; fileEncoding = 4; lastKnownFileType = text.plist.xml; path = urlMap.plist; sourceTree = "<group>"; };
		1854EC791E2118A300AE4E91 /* Info.plist */ = {isa = PBXFileReference; fileEncoding = 4; lastKnownFileType = text.plist.xml; path = Info.plist; sourceTree = "<group>"; };
		1854EC7C1E2118A300AE4E91 /* Info.plist */ = {isa = PBXFileReference; fileEncoding = 4; lastKnownFileType = text.plist.xml; path = Info.plist; sourceTree = "<group>"; };
		BAD0093E205387C200071C0C /* test.app */ = {isa = PBXFileReference; explicitFileType = wrapper.application; includeInIndex = 0; path = test.app; sourceTree = BUILT_PRODUCTS_DIR; };
		BAD0093F205387C200071C0C /* testTests.xctest */ = {isa = PBXFileReference; explicitFileType = wrapper.cfbundle; includeInIndex = 0; path = testTests.xctest; sourceTree = BUILT_PRODUCTS_DIR; };
		BAD00940205387C200071C0C /* testUITests.xctest */ = {isa = PBXFileReference; explicitFileType = wrapper.cfbundle; includeInIndex = 0; path = testUITests.xctest; sourceTree = BUILT_PRODUCTS_DIR; };
		BAD009432053883C00071C0C /* WXRouter.m */ = {isa = PBXFileReference; fileEncoding = 4; lastKnownFileType = sourcecode.c.objc; path = WXRouter.m; sourceTree = "<group>"; };
		BAD009442053883C00071C0C /* RouterError.m */ = {isa = PBXFileReference; fileEncoding = 4; lastKnownFileType = sourcecode.c.objc; path = RouterError.m; sourceTree = "<group>"; };
		BAD009452053883C00071C0C /* PlistReadUtil.h */ = {isa = PBXFileReference; fileEncoding = 4; lastKnownFileType = sourcecode.c.h; path = PlistReadUtil.h; sourceTree = "<group>"; };
		BAD009462053883C00071C0C /* RouterError.h */ = {isa = PBXFileReference; fileEncoding = 4; lastKnownFileType = sourcecode.c.h; path = RouterError.h; sourceTree = "<group>"; };
		BAD009472053883C00071C0C /* WXRouter.h */ = {isa = PBXFileReference; fileEncoding = 4; lastKnownFileType = sourcecode.c.h; path = WXRouter.h; sourceTree = "<group>"; };
		BAD009482053883C00071C0C /* PlistReadUtil.m */ = {isa = PBXFileReference; fileEncoding = 4; lastKnownFileType = sourcecode.c.objc; path = PlistReadUtil.m; sourceTree = "<group>"; };
		BAD0094C2053884900071C0C /* ViewController.m */ = {isa = PBXFileReference; fileEncoding = 4; lastKnownFileType = sourcecode.c.objc; path = ViewController.m; sourceTree = "<group>"; };
		BAD0094D2053884900071C0C /* view3.h */ = {isa = PBXFileReference; fileEncoding = 4; lastKnownFileType = sourcecode.c.h; path = view3.h; sourceTree = "<group>"; };
		BAD0094E2053884A00071C0C /* view2.h */ = {isa = PBXFileReference; fileEncoding = 4; lastKnownFileType = sourcecode.c.h; path = view2.h; sourceTree = "<group>"; };
		BAD0094F2053884A00071C0C /* webView.m */ = {isa = PBXFileReference; fileEncoding = 4; lastKnownFileType = sourcecode.c.objc; path = webView.m; sourceTree = "<group>"; };
		BAD009502053884A00071C0C /* view3.m */ = {isa = PBXFileReference; fileEncoding = 4; lastKnownFileType = sourcecode.c.objc; path = view3.m; sourceTree = "<group>"; };
		BAD009512053884A00071C0C /* view2.m */ = {isa = PBXFileReference; fileEncoding = 4; lastKnownFileType = sourcecode.c.objc; path = view2.m; sourceTree = "<group>"; };
		BAD009522053884A00071C0C /* ViewController.h */ = {isa = PBXFileReference; fileEncoding = 4; lastKnownFileType = sourcecode.c.h; path = ViewController.h; sourceTree = "<group>"; };
		BAD009532053884A00071C0C /* webView.h */ = {isa = PBXFileReference; fileEncoding = 4; lastKnownFileType = sourcecode.c.h; path = webView.h; sourceTree = "<group>"; };
/* End PBXFileReference section */

/* Begin PBXFrameworksBuildPhase section */
		18A2DD001D9FC5C600814EDE /* Frameworks */ = {
			isa = PBXFrameworksBuildPhase;
			buildActionMask = 2147483647;
			files = (
			);
			runOnlyForDeploymentPostprocessing = 0;
		};
		18A2DD191D9FC5C600814EDE /* Frameworks */ = {
			isa = PBXFrameworksBuildPhase;
			buildActionMask = 2147483647;
			files = (
			);
			runOnlyForDeploymentPostprocessing = 0;
		};
		18A2DD241D9FC5C600814EDE /* Frameworks */ = {
			isa = PBXFrameworksBuildPhase;
			buildActionMask = 2147483647;
			files = (
			);
			runOnlyForDeploymentPostprocessing = 0;
		};
/* End PBXFrameworksBuildPhase section */

/* Begin PBXGroup section */
		1854EC5F1E2118A300AE4E91 /* test */ = {
			isa = PBXGroup;
			children = (
				BAD0094E2053884A00071C0C /* view2.h */,
				BAD009512053884A00071C0C /* view2.m */,
				BAD0094D2053884900071C0C /* view3.h */,
				BAD009502053884A00071C0C /* view3.m */,
				BAD009522053884A00071C0C /* ViewController.h */,
				BAD0094C2053884900071C0C /* ViewController.m */,
				BAD009532053884A00071C0C /* webView.h */,
				BAD0094F2053884A00071C0C /* webView.m */,
				BAD009422053883C00071C0C /* WXRouter */,
				1854EC601E2118A300AE4E91 /* AppDelegate.h */,
				1854EC611E2118A300AE4E91 /* AppDelegate.m */,
				1854EC621E2118A300AE4E91 /* Assets.xcassets */,
				1854EC631E2118A300AE4E91 /* LaunchScreen.storyboard */,
				1854EC651E2118A300AE4E91 /* Main.storyboard */,
				1854EC671E2118A300AE4E91 /* Info.plist */,
				1854EC681E2118A300AE4E91 /* main.m */,
				1854EC6D1E2118A300AE4E91 /* urlMap.plist */,
			);
			path = test;
			sourceTree = "<group>";
		};
		1854EC781E2118A300AE4E91 /* testTests */ = {
			isa = PBXGroup;
			children = (
				1854EC791E2118A300AE4E91 /* Info.plist */,
			);
			path = testTests;
			sourceTree = "<group>";
		};
		1854EC7B1E2118A300AE4E91 /* testUITests */ = {
			isa = PBXGroup;
			children = (
				1854EC7C1E2118A300AE4E91 /* Info.plist */,
			);
			path = testUITests;
			sourceTree = "<group>";
		};
		18A2DCFA1D9FC5C600814EDE = {
			isa = PBXGroup;
			children = (
				1854EC5F1E2118A300AE4E91 /* test */,
				1854EC781E2118A300AE4E91 /* testTests */,
				1854EC7B1E2118A300AE4E91 /* testUITests */,
				BAD0093E205387C200071C0C /* test.app */,
				BAD0093F205387C200071C0C /* testTests.xctest */,
				BAD00940205387C200071C0C /* testUITests.xctest */,
			);
			sourceTree = "<group>";
		};
		BAD009422053883C00071C0C /* WXRouter */ = {
			isa = PBXGroup;
			children = (
				BAD009432053883C00071C0C /* WXRouter.m */,
				BAD009442053883C00071C0C /* RouterError.m */,
				BAD009452053883C00071C0C /* PlistReadUtil.h */,
				BAD009462053883C00071C0C /* RouterError.h */,
				BAD009472053883C00071C0C /* WXRouter.h */,
				BAD009482053883C00071C0C /* PlistReadUtil.m */,
			);
			path = WXRouter;
			sourceTree = "<group>";
		};
/* End PBXGroup section */

/* Begin PBXNativeTarget section */
		18A2DD021D9FC5C600814EDE /* test */ = {
			isa = PBXNativeTarget;
			buildConfigurationList = 18A2DD301D9FC5C600814EDE /* Build configuration list for PBXNativeTarget "test" */;
			buildPhases = (
				18A2DCFF1D9FC5C600814EDE /* Sources */,
				18A2DD001D9FC5C600814EDE /* Frameworks */,
				18A2DD011D9FC5C600814EDE /* Resources */,
			);
			buildRules = (
			);
			dependencies = (
			);
			name = test;
			productName = test;
			productReference = BAD0093E205387C200071C0C /* test.app */;
			productType = "com.apple.product-type.application";
		};
		18A2DD1B1D9FC5C600814EDE /* testTests */ = {
			isa = PBXNativeTarget;
			buildConfigurationList = 18A2DD331D9FC5C600814EDE /* Build configuration list for PBXNativeTarget "testTests" */;
			buildPhases = (
				18A2DD181D9FC5C600814EDE /* Sources */,
				18A2DD191D9FC5C600814EDE /* Frameworks */,
				18A2DD1A1D9FC5C600814EDE /* Resources */,
			);
			buildRules = (
			);
			dependencies = (
				18A2DD1E1D9FC5C600814EDE /* PBXTargetDependency */,
			);
			name = testTests;
			productName = testTests;
			productReference = BAD0093F205387C200071C0C /* testTests.xctest */;
			productType = "com.apple.product-type.bundle.unit-test";
		};
		18A2DD261D9FC5C600814EDE /* testUITests */ = {
			isa = PBXNativeTarget;
			buildConfigurationList = 18A2DD361D9FC5C600814EDE /* Build configuration list for PBXNativeTarget "testUITests" */;
			buildPhases = (
				18A2DD231D9FC5C600814EDE /* Sources */,
				18A2DD241D9FC5C600814EDE /* Frameworks */,
				18A2DD251D9FC5C600814EDE /* Resources */,
			);
			buildRules = (
			);
			dependencies = (
				18A2DD291D9FC5C600814EDE /* PBXTargetDependency */,
			);
			name = testUITests;
			productName = testUITests;
			productReference = BAD00940205387C200071C0C /* testUITests.xctest */;
			productType = "com.apple.product-type.bundle.ui-testing";
		};
/* End PBXNativeTarget section */

/* Begin PBXProject section */
		18A2DCFB1D9FC5C600814EDE /* Project object */ = {
			isa = PBXProject;
			attributes = {
				LastUpgradeCheck = 0730;
				ORGANIZATIONNAME = apple;
				TargetAttributes = {
					18A2DD021D9FC5C600814EDE = {
						CreatedOnToolsVersion = 7.3;
						DevelopmentTeam = Z6BXGNJ78W;
					};
					18A2DD1B1D9FC5C600814EDE = {
						CreatedOnToolsVersion = 7.3;
						DevelopmentTeam = 2KX77VULC9;
						TestTargetID = 18A2DD021D9FC5C600814EDE;
					};
					18A2DD261D9FC5C600814EDE = {
						CreatedOnToolsVersion = 7.3;
						DevelopmentTeam = 2KX77VULC9;
						TestTargetID = 18A2DD021D9FC5C600814EDE;
					};
				};
			};
			buildConfigurationList = 18A2DCFE1D9FC5C600814EDE /* Build configuration list for PBXProject "test" */;
			compatibilityVersion = "Xcode 3.2";
			developmentRegion = English;
			hasScannedForEncodings = 0;
			knownRegions = (
				en,
				Base,
			);
			mainGroup = 18A2DCFA1D9FC5C600814EDE;
			productRefGroup = 18A2DCFA1D9FC5C600814EDE;
			projectDirPath = "";
			projectRoot = "";
			targets = (
				18A2DD021D9FC5C600814EDE /* test */,
				18A2DD1B1D9FC5C600814EDE /* testTests */,
				18A2DD261D9FC5C600814EDE /* testUITests */,
			);
		};
/* End PBXProject section */

/* Begin PBXResourcesBuildPhase section */
		18A2DD011D9FC5C600814EDE /* Resources */ = {
			isa = PBXResourcesBuildPhase;
			buildActionMask = 2147483647;
			files = (
				1854EC861E2118A300AE4E91 /* urlMap.plist in Resources */,
				1854EC821E2118A300AE4E91 /* Info.plist in Resources */,
				1854EC8C1E2118A300AE4E91 /* Info.plist in Resources */,
				1854EC811E2118A300AE4E91 /* Main.storyboard in Resources */,
				1854EC7F1E2118A300AE4E91 /* Assets.xcassets in Resources */,
				1854EC801E2118A300AE4E91 /* LaunchScreen.storyboard in Resources */,
				1854EC8E1E2118A300AE4E91 /* Info.plist in Resources */,
			);
			runOnlyForDeploymentPostprocessing = 0;
		};
		18A2DD1A1D9FC5C600814EDE /* Resources */ = {
			isa = PBXResourcesBuildPhase;
			buildActionMask = 2147483647;
			files = (
			);
			runOnlyForDeploymentPostprocessing = 0;
		};
		18A2DD251D9FC5C600814EDE /* Resources */ = {
			isa = PBXResourcesBuildPhase;
			buildActionMask = 2147483647;
			files = (
			);
			runOnlyForDeploymentPostprocessing = 0;
		};
/* End PBXResourcesBuildPhase section */

/* Begin PBXSourcesBuildPhase section */
		18A2DCFF1D9FC5C600814EDE /* Sources */ = {
			isa = PBXSourcesBuildPhase;
			buildActionMask = 2147483647;
			files = (
				BAD009572053884A00071C0C /* view2.m in Sources */,
				BAD009562053884A00071C0C /* view3.m in Sources */,
				BAD009542053884A00071C0C /* ViewController.m in Sources */,
				BAD009492053883C00071C0C /* WXRouter.m in Sources */,
				BAD0094B2053883C00071C0C /* PlistReadUtil.m in Sources */,
				1854EC831E2118A300AE4E91 /* main.m in Sources */,
				BAD009552053884A00071C0C /* webView.m in Sources */,
				1854EC7E1E2118A300AE4E91 /* AppDelegate.m in Sources */,
				BAD0094A2053883C00071C0C /* RouterError.m in Sources */,
			);
			runOnlyForDeploymentPostprocessing = 0;
		};
		18A2DD181D9FC5C600814EDE /* Sources */ = {
			isa = PBXSourcesBuildPhase;
			buildActionMask = 2147483647;
			files = (
			);
			runOnlyForDeploymentPostprocessing = 0;
		};
		18A2DD231D9FC5C600814EDE /* Sources */ = {
			isa = PBXSourcesBuildPhase;
			buildActionMask = 2147483647;
			files = (
			);
			runOnlyForDeploymentPostprocessing = 0;
		};
/* End PBXSourcesBuildPhase section */

/* Begin PBXTargetDependency section */
		18A2DD1E1D9FC5C600814EDE /* PBXTargetDependency */ = {
			isa = PBXTargetDependency;
			target = 18A2DD021D9FC5C600814EDE /* test */;
			targetProxy = 18A2DD1D1D9FC5C600814EDE /* PBXContainerItemProxy */;
		};
		18A2DD291D9FC5C600814EDE /* PBXTargetDependency */ = {
			isa = PBXTargetDependency;
			target = 18A2DD021D9FC5C600814EDE /* test */;
			targetProxy = 18A2DD281D9FC5C600814EDE /* PBXContainerItemProxy */;
		};
/* End PBXTargetDependency section */

/* Begin PBXVariantGroup section */
		1854EC631E2118A300AE4E91 /* LaunchScreen.storyboard */ = {
			isa = PBXVariantGroup;
			children = (
				1854EC641E2118A300AE4E91 /* Base */,
			);
			name = LaunchScreen.storyboard;
			sourceTree = "<group>";
		};
		1854EC651E2118A300AE4E91 /* Main.storyboard */ = {
			isa = PBXVariantGroup;
			children = (
				1854EC661E2118A300AE4E91 /* Base */,
			);
			name = Main.storyboard;
			sourceTree = "<group>";
		};
/* End PBXVariantGroup section */

/* Begin XCBuildConfiguration section */
		18A2DD2E1D9FC5C600814EDE /* Debug */ = {
			isa = XCBuildConfiguration;
			buildSettings = {
				ALWAYS_SEARCH_USER_PATHS = NO;
				CLANG_ANALYZER_NONNULL = YES;
				CLANG_CXX_LANGUAGE_STANDARD = "gnu++0x";
				CLANG_CXX_LIBRARY = "libc++";
				CLANG_ENABLE_MODULES = YES;
				CLANG_ENABLE_OBJC_ARC = YES;
				CLANG_WARN_BOOL_CONVERSION = YES;
				CLANG_WARN_CONSTANT_CONVERSION = YES;
				CLANG_WARN_DIRECT_OBJC_ISA_USAGE = YES_ERROR;
				CLANG_WARN_EMPTY_BODY = YES;
				CLANG_WARN_ENUM_CONVERSION = YES;
				CLANG_WARN_INT_CONVERSION = YES;
				CLANG_WARN_OBJC_ROOT_CLASS = YES_ERROR;
				CLANG_WARN_UNREACHABLE_CODE = YES;
				CLANG_WARN__DUPLICATE_METHOD_MATCH = YES;
				"CODE_SIGN_IDENTITY[sdk=iphoneos*]" = "iPhone Developer";
				COPY_PHASE_STRIP = NO;
				DEBUG_INFORMATION_FORMAT = dwarf;
				ENABLE_STRICT_OBJC_MSGSEND = YES;
				ENABLE_TESTABILITY = YES;
				GCC_C_LANGUAGE_STANDARD = gnu99;
				GCC_DYNAMIC_NO_PIC = NO;
				GCC_NO_COMMON_BLOCKS = YES;
				GCC_OPTIMIZATION_LEVEL = 0;
				GCC_PREPROCESSOR_DEFINITIONS = (
					"DEBUG=1",
					"$(inherited)",
				);
				GCC_WARN_64_TO_32_BIT_CONVERSION = YES;
				GCC_WARN_ABOUT_RETURN_TYPE = YES_ERROR;
				GCC_WARN_UNDECLARED_SELECTOR = YES;
				GCC_WARN_UNINITIALIZED_AUTOS = YES_AGGRESSIVE;
				GCC_WARN_UNUSED_FUNCTION = YES;
				GCC_WARN_UNUSED_VARIABLE = YES;
				IPHONEOS_DEPLOYMENT_TARGET = 9.3;
				MTL_ENABLE_DEBUG_INFO = YES;
				ONLY_ACTIVE_ARCH = YES;
				SDKROOT = iphoneos;
				TARGETED_DEVICE_FAMILY = "1,2";
			};
			name = Debug;
		};
		18A2DD2F1D9FC5C600814EDE /* Release */ = {
			isa = XCBuildConfiguration;
			buildSettings = {
				ALWAYS_SEARCH_USER_PATHS = NO;
				CLANG_ANALYZER_NONNULL = YES;
				CLANG_CXX_LANGUAGE_STANDARD = "gnu++0x";
				CLANG_CXX_LIBRARY = "libc++";
				CLANG_ENABLE_MODULES = YES;
				CLANG_ENABLE_OBJC_ARC = YES;
				CLANG_WARN_BOOL_CONVERSION = YES;
				CLANG_WARN_CONSTANT_CONVERSION = YES;
				CLANG_WARN_DIRECT_OBJC_ISA_USAGE = YES_ERROR;
				CLANG_WARN_EMPTY_BODY = YES;
				CLANG_WARN_ENUM_CONVERSION = YES;
				CLANG_WARN_INT_CONVERSION = YES;
				CLANG_WARN_OBJC_ROOT_CLASS = YES_ERROR;
				CLANG_WARN_UNREACHABLE_CODE = YES;
				CLANG_WARN__DUPLICATE_METHOD_MATCH = YES;
				"CODE_SIGN_IDENTITY[sdk=iphoneos*]" = "iPhone Developer";
				COPY_PHASE_STRIP = NO;
				DEBUG_INFORMATION_FORMAT = "dwarf-with-dsym";
				ENABLE_NS_ASSERTIONS = NO;
				ENABLE_STRICT_OBJC_MSGSEND = YES;
				GCC_C_LANGUAGE_STANDARD = gnu99;
				GCC_NO_COMMON_BLOCKS = YES;
				GCC_WARN_64_TO_32_BIT_CONVERSION = YES;
				GCC_WARN_ABOUT_RETURN_TYPE = YES_ERROR;
				GCC_WARN_UNDECLARED_SELECTOR = YES;
				GCC_WARN_UNINITIALIZED_AUTOS = YES_AGGRESSIVE;
				GCC_WARN_UNUSED_FUNCTION = YES;
				GCC_WARN_UNUSED_VARIABLE = YES;
				IPHONEOS_DEPLOYMENT_TARGET = 9.3;
				MTL_ENABLE_DEBUG_INFO = NO;
				SDKROOT = iphoneos;
				TARGETED_DEVICE_FAMILY = "1,2";
				VALIDATE_PRODUCT = YES;
			};
			name = Release;
		};
		18A2DD311D9FC5C600814EDE /* Debug */ = {
			isa = XCBuildConfiguration;
			buildSettings = {
				ASSETCATALOG_COMPILER_APPICON_NAME = AppIcon;
				CODE_SIGN_IDENTITY = "iPhone Developer";
				INFOPLIST_FILE = test/Info.plist;
				LD_RUNPATH_SEARCH_PATHS = "$(inherited) @executable_path/Frameworks";
				PRODUCT_BUNDLE_IDENTIFIER = com.xu.test.test;
				PRODUCT_NAME = "$(TARGET_NAME)";
			};
			name = Debug;
		};
		18A2DD321D9FC5C600814EDE /* Release */ = {
			isa = XCBuildConfiguration;
			buildSettings = {
				ASSETCATALOG_COMPILER_APPICON_NAME = AppIcon;
				CODE_SIGN_IDENTITY = "iPhone Developer";
				INFOPLIST_FILE = test/Info.plist;
				LD_RUNPATH_SEARCH_PATHS = "$(inherited) @executable_path/Frameworks";
				PRODUCT_BUNDLE_IDENTIFIER = com.xu.test.test;
				PRODUCT_NAME = "$(TARGET_NAME)";
			};
			name = Release;
		};
		18A2DD341D9FC5C600814EDE /* Debug */ = {
			isa = XCBuildConfiguration;
			buildSettings = {
				BUNDLE_LOADER = "$(TEST_HOST)";
				INFOPLIST_FILE = testTests/Info.plist;
				LD_RUNPATH_SEARCH_PATHS = "$(inherited) @executable_path/Frameworks @loader_path/Frameworks";
				PRODUCT_BUNDLE_IDENTIFIER = com.xu.test.testTests;
				PRODUCT_NAME = "$(TARGET_NAME)";
				TEST_HOST = "$(BUILT_PRODUCTS_DIR)/test.app/test";
			};
			name = Debug;
		};
		18A2DD351D9FC5C600814EDE /* Release */ = {
			isa = XCBuildConfiguration;
			buildSettings = {
				BUNDLE_LOADER = "$(TEST_HOST)";
				INFOPLIST_FILE = testTests/Info.plist;
				LD_RUNPATH_SEARCH_PATHS = "$(inherited) @executable_path/Frameworks @loader_path/Frameworks";
				PRODUCT_BUNDLE_IDENTIFIER = com.xu.test.testTests;
				PRODUCT_NAME = "$(TARGET_NAME)";
				TEST_HOST = "$(BUILT_PRODUCTS_DIR)/test.app/test";
			};
			name = Release;
		};
		18A2DD371D9FC5C600814EDE /* Debug */ = {
			isa = XCBuildConfiguration;
			buildSettings = {
				INFOPLIST_FILE = testUITests/Info.plist;
				LD_RUNPATH_SEARCH_PATHS = "$(inherited) @executable_path/Frameworks @loader_path/Frameworks";
				PRODUCT_BUNDLE_IDENTIFIER = com.xu.test.testUITests;
				PRODUCT_NAME = "$(TARGET_NAME)";
				TEST_TARGET_NAME = test;
			};
			name = Debug;
		};
		18A2DD381D9FC5C600814EDE /* Release */ = {
			isa = XCBuildConfiguration;
			buildSettings = {
				INFOPLIST_FILE = testUITests/Info.plist;
				LD_RUNPATH_SEARCH_PATHS = "$(inherited) @executable_path/Frameworks @loader_path/Frameworks";
				PRODUCT_BUNDLE_IDENTIFIER = com.xu.test.testUITests;
				PRODUCT_NAME = "$(TARGET_NAME)";
				TEST_TARGET_NAME = test;
			};
			name = Release;
		};
/* End XCBuildConfiguration section */

/* Begin XCConfigurationList section */
		18A2DCFE1D9FC5C600814EDE /* Build configuration list for PBXProject "test" */ = {
			isa = XCConfigurationList;
			buildConfigurations = (
				18A2DD2E1D9FC5C600814EDE /* Debug */,
				18A2DD2F1D9FC5C600814EDE /* Release */,
			);
			defaultConfigurationIsVisible = 0;
			defaultConfigurationName = Release;
		};
		18A2DD301D9FC5C600814EDE /* Build configuration list for PBXNativeTarget "test" */ = {
			isa = XCConfigurationList;
			buildConfigurations = (
				18A2DD311D9FC5C600814EDE /* Debug */,
				18A2DD321D9FC5C600814EDE /* Release */,
			);
			defaultConfigurationIsVisible = 0;
			defaultConfigurationName = Release;
		};
		18A2DD331D9FC5C600814EDE /* Build configuration list for PBXNativeTarget "testTests" */ = {
			isa = XCConfigurationList;
			buildConfigurations = (
				18A2DD341D9FC5C600814EDE /* Debug */,
				18A2DD351D9FC5C600814EDE /* Release */,
			);
			defaultConfigurationIsVisible = 0;
			defaultConfigurationName = Release;
		};
		18A2DD361D9FC5C600814EDE /* Build configuration list for PBXNativeTarget "testUITests" */ = {
			isa = XCConfigurationList;
			buildConfigurations = (
				18A2DD371D9FC5C600814EDE /* Debug */,
				18A2DD381D9FC5C600814EDE /* Release */,
			);
			defaultConfigurationIsVisible = 0;
			defaultConfigurationName = Release;
		};
/* End XCConfigurationList section */
	};
	rootObject = 18A2DCFB1D9FC5C600814EDE /* Project object */;
}
